github.com/frifox/fifo v0.0.0-20240801214944-14bf6e6e8d15 h1:Gud6zXrQ9ihzd1bZ7uW7RtwDWbUekF2XCKNK76z6+nw=
github.com/frifox/fifo v0.0.0-20240801214944-14bf6e6e8d15/go.mod h1:vIr9C77KesbrnkpZPV0aEiXHk3tYiHKPUriR0Pstmi8=
github.com/frifox/fifo v1.0.0 h1:u640IC0AWagWer8h505VfVNMtdfNzzHzNX0yamF7GZs=
github.com/frifox/fifo v1.0.0/go.mod h1:vIr9C77KesbrnkpZPV0aEiXHk3tYiHKPUriR0Pstmi8=
github.com/frifox/rijebc v0.0.0-20241104182900-5476b669a259 h1:FkQ4Ee5qpDjOwdmC+VYIkrLTNO6vbiR0CgXhaCQKZew=
github.com/frifox/rijebc v0.0.0-20241104182900-5476b669a259/go.mod h1:IbTIX4w5qglkUdNsLW9EQYF/gO53KHfcjbse5z+Bqa0=
github.com/google/uuid v1.6.0 h1:NIvaJDMOsjHA8n1jAhLSgzrAzy1Hgr+hNrb57e+94F0=
github.com/google/uuid v1.6.0/go.mod h1:TIyPZe4MgqvfeYDBFedMoGGpEw/LqOeaOT+nhxU+yHo=
github.com/puzpuzpuz/xsync v1.5.2 h1:yRAP4wqSOZG+/4pxJ08fPTwrfL0IzE/LKQ/cw509qGY=
github.com/puzpuzpuz/xsync v1.5.2/go.mod h1:K98BYhX3k1dQ2M63t1YNVDanbwUPmBCAhNmVrrxfiGg=
github.com/puzpuzpuz/xsync/v3 v3.4.0 h1:DuVBAdXuGFHv8adVXjWWZ63pJq+NRXOWVXlKDBZ+mJ4=
github.com/puzpuzpuz/xsync/v3 v3.4.0/go.mod h1:VjzYrABPabuM4KyBh1Ftq6u8nhwY5tBPKP9jpmh0nnA=
github.com/puzpuzpuz/xsync/v3 v3.5.1 h1:GJYJZwO6IdxN/IKbneznS6yPkVC+c3zyY/j19c++5Fg=
github.com/puzpuzpuz/xsync/v3 v3.5.1/go.mod h1:VjzYrABPabuM4KyBh1Ftq6u8nhwY5tBPKP9jpmh0nnA=
github.com/puzpuzpuz/xsync/v4 v4.1.0 h1:x9eHRl4QhZFIPJ17yl4KKW9xLyVWbb3/Yq4SXpjF71U=
github.com/puzpuzpuz/xsync/v4 v4.1.0/go.mod h1:VJDmTCJMBt8igNxnkQd86r+8KUeN1quSfNKu5bLYFQo=
github.com/rabbitmq/amqp091-go v1.10.0 h1:STpn5XsHlHGcecLmMFCtg7mqq0RnD+zFr4uzukfVhBw=
github.com/rabbitmq/amqp091-go v1.10.0/go.mod h1:Hy4jKW5kQART1u+JkDTF9YYOQUHXqMuhrgxOEeS7G4o=
go.uber.org/goleak v1.3.0 h1:2K3zAYmnTNqV73imy9J1T3WC+gmCePx2hEGkimedGto=
go.uber.org/goleak v1.3.0/go.mod h1:CoHD4mav9JJNrW/WLlf7HGZPjdw8EucARQHekz1X6bE=
